{"1.2.0",
[{<<"b64fast">>,{pkg,<<"b64fast">>,<<"0.2.3">>},0},
 {<<"decimal">>,{pkg,<<"erlang_decimal">>,<<"0.4.3">>},1},
 {<<"epgsql">>,{pkg,<<"epgsql">>,<<"4.7.1">>},0},
 {<<"epgsql_decimal">>,{pkg,<<"epgsql_decimal">>,<<"1.0.0">>},0},
 {<<"erlias">>,{pkg,<<"erlias">>,<<"0.2.0">>},0},
 {<<"mysql">>,
  {git,"https://github.com/mysql-otp/mysql-otp",
       {ref,"13d853fa501df57980670ebc71681ecc1642d6c9"}},
  0},
 {<<"poolboy">>,{pkg,<<"poolboy">>,<<"1.5.2">>},0}]}.
[
{pkg_hash,[
 {<<"b64fast">>, <<"07649CF971A0ED088DEFC4F75767A52E08C468CC1D448693F4FB3051092AB987">>},
 {<<"decimal">>, <<"1EF14B2E7B96756042CD75565A9910B10A2245A8822D46F9A5A551D17C34A6D7">>},
 {<<"epgsql">>, <<"D4E47CAE46C18C8AFA88E34D59A9B4BAE16368D7CE1EB3DA24FA755EB28393EB">>},
 {<<"epgsql_decimal">>, <<"4ABDB4B5DB74B8AC993DB96099095364F0148702888A906FD42AC448C73B5C97">>},
 {<<"erlias">>, <<"8814086119DD1CA8D16FED9345167FC68DDC7E0569B3DA03EFE20BEDFA6F2903">>},
 {<<"poolboy">>, <<"392B007A1693A64540CEAD79830443ABF5762F5D30CF50BC95CB2C1AAAFA006B">>}]},
{pkg_hash_ext,[
 {<<"b64fast">>, <<"DE874B5302D607840B787E93785628035FF55334EBCFAFB6413B735983913D23">>},
 {<<"decimal">>, <<"72DC9119F895FA2463738674C08A062100EB586707CFBEB9A560CF3D56C62943">>},
 {<<"epgsql">>, <<"B6D86B7DC42C8555B1D4E20880E5099D6D6D053148000E188E548F98E4E01836">>},
 {<<"epgsql_decimal">>, <<"6C5DE276D9F65AC388442F0A56D0578B2A6728FD843E043EF0BFAC2E0208E32E">>},
 {<<"erlias">>, <<"23DE8F5A0DF3B1AF56666CC76B965AC41875997630216DCFE53FA1B80A7B00B9">>},
 {<<"poolboy">>, <<"DAD79704CE5440F3D5A3681C8590B9DC25D1A561E8F5A9C995281012860901E3">>}]}
].
